
Microsoft Visual Studio Solution File, Format Version 12.00
# Visual Studio Version 17
VisualStudioVersion = 17.0.31717.71
MinimumVisualStudioVersion = 10.0.40219.1
Project("{FAE04EC0-301F-11D3-BF4B-00C04F79EFBC}") = "TextFileUI", "TextFileUI\TextFileUI.csproj", "{3DC1AEB1-0A42-49D6-AE5F-F34BFFEF37B5}"
EndProject
Project("{FAE04EC0-301F-11D3-BF4B-00C04F79EFBC}") = "DataAccessLibrary", "DataAccessLibrary\DataAccessLibrary.csproj", "{AB0768BF-9A55-427C-8C83-3E4776D3108E}"
EndProject
Global
	GlobalSection(SolutionConfigurationPlatforms) = preSolution
		Debug|Any CPU = Debug|Any CPU
		Release|Any CPU = Release|Any CPU
	EndGlobalSection
	GlobalSection(ProjectConfigurationPlatforms) = postSolution
		{3DC1AEB1-0A42-49D6-AE5F-F34BFFEF37B5}.Debug|Any CPU.ActiveCfg = Debug|Any CPU
		{3DC1AEB1-0A42-49D6-AE5F-F34BFFEF37B5}.Debug|Any CPU.Build.0 = Debug|Any CPU
		{3DC1AEB1-0A42-49D6-AE5F-F34BFFEF37B5}.Release|Any CPU.ActiveCfg = Release|Any CPU
		{3DC1AEB1-0A42-49D6-AE5F-F34BFFEF37B5}.Release|Any CPU.Build.0 = Release|Any CPU
		{AB0768BF-9A55-427C-8C83-3E4776D3108E}.Debug|Any CPU.ActiveCfg = Debug|Any CPU
		{AB0768BF-9A55-427C-8C83-3E4776D3108E}.Debug|Any CPU.Build.0 = Debug|Any CPU
		{AB0768BF-9A55-427C-8C83-3E4776D3108E}.Release|Any CPU.ActiveCfg = Release|Any CPU
		{AB0768BF-9A55-427C-8C83-3E4776D3108E}.Release|Any CPU.Build.0 = Release|Any CPU
	EndGlobalSection
	GlobalSection(SolutionProperties) = preSolution
		HideSolutionNode = FALSE
	EndGlobalSection
	GlobalSection(ExtensibilityGlobals) = postSolution
		SolutionGuid = {D3416BE9-4221-4540-9CB2-EA67C667FDB0}
	EndGlobalSection
EndGlobal
